
Microsoft Visual Studio Solution File, Format Version 12.00
# Visual Studio 14
VisualStudioVersion = 14.0.25123.0
MinimumVisualStudioVersion = 10.0.40219.1
Project("{FAE04EC0-301F-11D3-BF4B-00C04F79EFBC}") = "SchoolProject", "SchoolProject.csproj", "{B1313DE0-B96D-483D-A9BF-7F5D27B22478}"
EndProject
Project("{FAE04EC0-301F-11D3-BF4B-00C04F79EFBC}") = "SchoolTest", "..\SchoolTest\SchoolTest.csproj", "{63CB1C1F-E314-430B-9911-16C72BABA264}"
EndProject
Global
	GlobalSection(SolutionConfigurationPlatforms) = preSolution
		Debug|Any CPU = Debug|Any CPU
		Release|Any CPU = Release|Any CPU
	EndGlobalSection
	GlobalSection(ProjectConfigurationPlatforms) = postSolution
		{B1313DE0-B96D-483D-A9BF-7F5D27B22478}.Debug|Any CPU.ActiveCfg = Debug|Any CPU
		{B1313DE0-B96D-483D-A9BF-7F5D27B22478}.Debug|Any CPU.Build.0 = Debug|Any CPU
		{B1313DE0-B96D-483D-A9BF-7F5D27B22478}.Release|Any CPU.ActiveCfg = Release|Any CPU
		{B1313DE0-B96D-483D-A9BF-7F5D27B22478}.Release|Any CPU.Build.0 = Release|Any CPU
		{63CB1C1F-E314-430B-9911-16C72BABA264}.Debug|Any CPU.ActiveCfg = Debug|Any CPU
		{63CB1C1F-E314-430B-9911-16C72BABA264}.Debug|Any CPU.Build.0 = Debug|Any CPU
		{63CB1C1F-E314-430B-9911-16C72BABA264}.Release|Any CPU.ActiveCfg = Release|Any CPU
		{63CB1C1F-E314-430B-9911-16C72BABA264}.Release|Any CPU.Build.0 = Release|Any CPU
	EndGlobalSection
	GlobalSection(SolutionProperties) = preSolution
		HideSolutionNode = FALSE
	EndGlobalSection
EndGlobal
